
Microsoft Visual Studio Solution File, Format Version 12.00
# Visual Studio Version 17
VisualStudioVersion = 17.4.33122.133
MinimumVisualStudioVersion = 10.0.40219.1
Project("{9A19103F-16F7-4668-BE54-9A1E7A4F7556}") = "LINQ", "Link\LINQ.csproj", "{E3B68B1B-5934-4879-BCAD-C5426D53F122}"
EndProject
Project("{FAE04EC0-301F-11D3-BF4B-00C04F79EFBC}") = "LINQ.Datalayer", "LINQ.Datalayer\LINQ.Datalayer.csproj", "{F1F5EA71-ACC0-444B-A1D1-C24DC6A32C80}"
EndProject
Global
	GlobalSection(SolutionConfigurationPlatforms) = preSolution
		Debug|Any CPU = Debug|Any CPU
		Release|Any CPU = Release|Any CPU
	EndGlobalSection
	GlobalSection(ProjectConfigurationPlatforms) = postSolution
		{E3B68B1B-5934-4879-BCAD-C5426D53F122}.Debug|Any CPU.ActiveCfg = Debug|Any CPU
		{E3B68B1B-5934-4879-BCAD-C5426D53F122}.Debug|Any CPU.Build.0 = Debug|Any CPU
		{E3B68B1B-5934-4879-BCAD-C5426D53F122}.Release|Any CPU.ActiveCfg = Release|Any CPU
		{E3B68B1B-5934-4879-BCAD-C5426D53F122}.Release|Any CPU.Build.0 = Release|Any CPU
		{F1F5EA71-ACC0-444B-A1D1-C24DC6A32C80}.Debug|Any CPU.ActiveCfg = Debug|Any CPU
		{F1F5EA71-ACC0-444B-A1D1-C24DC6A32C80}.Debug|Any CPU.Build.0 = Debug|Any CPU
		{F1F5EA71-ACC0-444B-A1D1-C24DC6A32C80}.Release|Any CPU.ActiveCfg = Release|Any CPU
		{F1F5EA71-ACC0-444B-A1D1-C24DC6A32C80}.Release|Any CPU.Build.0 = Release|Any CPU
	EndGlobalSection
	GlobalSection(SolutionProperties) = preSolution
		HideSolutionNode = FALSE
	EndGlobalSection
	GlobalSection(ExtensibilityGlobals) = postSolution
		SolutionGuid = {7C5B6ABD-B1D8-4926-9FED-377753C2D8BF}
	EndGlobalSection
EndGlobal
